
Microsoft Visual Studio Solution File, Format Version 12.00
# Visual Studio Version 17
VisualStudioVersion = 17.4.33213.308
MinimumVisualStudioVersion = 10.0.40219.1
Project("{FAE04EC0-301F-11D3-BF4B-00C04F79EFBC}") = "TemperatureConvert", "TemperatureConvert\TemperatureConvert.csproj", "{ECD8B1CB-6953-4B42-971B-45D46F8F03A6}"
EndProject
Global
	GlobalSection(SolutionConfigurationPlatforms) = preSolution
		Debug|Any CPU = Debug|Any CPU
		Release|Any CPU = Release|Any CPU
	EndGlobalSection
	GlobalSection(ProjectConfigurationPlatforms) = postSolution
		{ECD8B1CB-6953-4B42-971B-45D46F8F03A6}.Debug|Any CPU.ActiveCfg = Debug|Any CPU
		{ECD8B1CB-6953-4B42-971B-45D46F8F03A6}.Debug|Any CPU.Build.0 = Debug|Any CPU
		{ECD8B1CB-6953-4B42-971B-45D46F8F03A6}.Release|Any CPU.ActiveCfg = Release|Any CPU
		{ECD8B1CB-6953-4B42-971B-45D46F8F03A6}.Release|Any CPU.Build.0 = Release|Any CPU
	EndGlobalSection
	GlobalSection(SolutionProperties) = preSolution
		HideSolutionNode = FALSE
	EndGlobalSection
	GlobalSection(ExtensibilityGlobals) = postSolution
		SolutionGuid = {1FFF64FA-07CC-4B18-BCB2-E217695ED196}
	EndGlobalSection
EndGlobal
